
Microsoft Visual Studio Solution File, Format Version 12.00
# Visual Studio Version 16
VisualStudioVersion = 16.0.29519.161
MinimumVisualStudioVersion = 10.0.40219.1
Project("{9A19103F-16F7-4668-BE54-9A1E7A4F7556}") = "Day05", "Day5\Day05.csproj", "{1848A6B7-DEE6-45D6-BD9B-C8BB2194A0F8}"
EndProject
Project("{9A19103F-16F7-4668-BE54-9A1E7A4F7556}") = "Day06", "Day6\Day06.csproj", "{63DF891C-A79B-41EA-933D-EB7F7E4712DA}"
EndProject
Project("{9A19103F-16F7-4668-BE54-9A1E7A4F7556}") = "Day04", "Day4\Day04.csproj", "{C0563CFA-A912-42BE-96BF-290C173AE85C}"
EndProject
Project("{9A19103F-16F7-4668-BE54-9A1E7A4F7556}") = "Day07", "Day7\Day07.csproj", "{357AC798-ED18-4A44-8F06-28A57C897384}"
EndProject
Project("{9A19103F-16F7-4668-BE54-9A1E7A4F7556}") = "Day08", "Day8\Day08.csproj", "{A11BBEF6-4B70-4A98-B58B-A6D89EAD5D78}"
EndProject
Project("{9A19103F-16F7-4668-BE54-9A1E7A4F7556}") = "Day09", "Day9\Day09.csproj", "{734A8A16-EEEC-439E-A0B7-58D2AAA3EE8F}"
EndProject
Project("{9A19103F-16F7-4668-BE54-9A1E7A4F7556}") = "IntCodeUtils", "IntCodeUtils\IntCodeUtils.csproj", "{092B0A82-C78D-49E2-BF51-A1AAC1BD76C7}"
EndProject
Project("{9A19103F-16F7-4668-BE54-9A1E7A4F7556}") = "Day10", "Day10\Day10.csproj", "{2BE8778B-062C-4D21-976A-B1B90EC30489}"
EndProject
Project("{9A19103F-16F7-4668-BE54-9A1E7A4F7556}") = "Day11", "Day11\Day11.csproj", "{D1E7630A-BA55-4919-B6DD-7497320616A8}"
EndProject
Project("{9A19103F-16F7-4668-BE54-9A1E7A4F7556}") = "Day12", "Day12\Day12.csproj", "{4F2B9CC1-83E0-40B0-9380-016E37632087}"
EndProject
Project("{9A19103F-16F7-4668-BE54-9A1E7A4F7556}") = "Day13", "Day13\Day13.csproj", "{B0700BD4-7732-4CE4-ACF9-8B94662DDA50}"
EndProject
Project("{9A19103F-16F7-4668-BE54-9A1E7A4F7556}") = "Day14", "Day14\Day14.csproj", "{054AB049-0EB3-4D51-B5C1-4DEA88115EE9}"
EndProject
Project("{9A19103F-16F7-4668-BE54-9A1E7A4F7556}") = "Day15", "Day15\Day15.csproj", "{41E473C0-B639-4172-A5B6-B9D54B918071}"
EndProject
Project("{9A19103F-16F7-4668-BE54-9A1E7A4F7556}") = "Day16", "Day16\Day16.csproj", "{852FD535-9C57-4301-9853-FBD2F48CA8A4}"
EndProject
Project("{9A19103F-16F7-4668-BE54-9A1E7A4F7556}") = "Day16-2", "Day16-2\Day16-2.csproj", "{D3A85C10-389E-46C4-86DC-6F6BB4714F90}"
EndProject
Project("{9A19103F-16F7-4668-BE54-9A1E7A4F7556}") = "Day17", "Day17\Day17.csproj", "{3223B0F1-82B9-41B5-90A3-DA1CFA89B601}"
EndProject
Project("{9A19103F-16F7-4668-BE54-9A1E7A4F7556}") = "Day18", "Day18\Day18.csproj", "{C174D59F-E2CA-427B-99B0-6C01F1D506AA}"
EndProject
Project("{9A19103F-16F7-4668-BE54-9A1E7A4F7556}") = "Day19", "Day19\Day19.csproj", "{0D010D17-DC80-4F7F-8D9C-A4DE3947860B}"
EndProject
Project("{9A19103F-16F7-4668-BE54-9A1E7A4F7556}") = "Day20", "Day20\Day20.csproj", "{D7942B8D-BC9F-424A-B806-3D7CC8898A8B}"
EndProject
Project("{FAE04EC0-301F-11D3-BF4B-00C04F79EFBC}") = "Day21", "Day21\Day21.csproj", "{95442A81-2BFD-483E-B796-1E93D5B433D9}"
EndProject
Global
	GlobalSection(SolutionConfigurationPlatforms) = preSolution
		Debug|Any CPU = Debug|Any CPU
		Release|Any CPU = Release|Any CPU
	EndGlobalSection
	GlobalSection(ProjectConfigurationPlatforms) = postSolution
		{1848A6B7-DEE6-45D6-BD9B-C8BB2194A0F8}.Debug|Any CPU.ActiveCfg = Debug|Any CPU
		{1848A6B7-DEE6-45D6-BD9B-C8BB2194A0F8}.Debug|Any CPU.Build.0 = Debug|Any CPU
		{1848A6B7-DEE6-45D6-BD9B-C8BB2194A0F8}.Release|Any CPU.ActiveCfg = Release|Any CPU
		{1848A6B7-DEE6-45D6-BD9B-C8BB2194A0F8}.Release|Any CPU.Build.0 = Release|Any CPU
		{63DF891C-A79B-41EA-933D-EB7F7E4712DA}.Debug|Any CPU.ActiveCfg = Debug|Any CPU
		{63DF891C-A79B-41EA-933D-EB7F7E4712DA}.Debug|Any CPU.Build.0 = Debug|Any CPU
		{63DF891C-A79B-41EA-933D-EB7F7E4712DA}.Release|Any CPU.ActiveCfg = Release|Any CPU
		{63DF891C-A79B-41EA-933D-EB7F7E4712DA}.Release|Any CPU.Build.0 = Release|Any CPU
		{C0563CFA-A912-42BE-96BF-290C173AE85C}.Debug|Any CPU.ActiveCfg = Debug|Any CPU
		{C0563CFA-A912-42BE-96BF-290C173AE85C}.Debug|Any CPU.Build.0 = Debug|Any CPU
		{C0563CFA-A912-42BE-96BF-290C173AE85C}.Release|Any CPU.ActiveCfg = Release|Any CPU
		{C0563CFA-A912-42BE-96BF-290C173AE85C}.Release|Any CPU.Build.0 = Release|Any CPU
		{357AC798-ED18-4A44-8F06-28A57C897384}.Debug|Any CPU.ActiveCfg = Debug|Any CPU
		{357AC798-ED18-4A44-8F06-28A57C897384}.Debug|Any CPU.Build.0 = Debug|Any CPU
		{357AC798-ED18-4A44-8F06-28A57C897384}.Release|Any CPU.ActiveCfg = Release|Any CPU
		{357AC798-ED18-4A44-8F06-28A57C897384}.Release|Any CPU.Build.0 = Release|Any CPU
		{A11BBEF6-4B70-4A98-B58B-A6D89EAD5D78}.Debug|Any CPU.ActiveCfg = Debug|Any CPU
		{A11BBEF6-4B70-4A98-B58B-A6D89EAD5D78}.Debug|Any CPU.Build.0 = Debug|Any CPU
		{A11BBEF6-4B70-4A98-B58B-A6D89EAD5D78}.Release|Any CPU.ActiveCfg = Release|Any CPU
		{A11BBEF6-4B70-4A98-B58B-A6D89EAD5D78}.Release|Any CPU.Build.0 = Release|Any CPU
		{734A8A16-EEEC-439E-A0B7-58D2AAA3EE8F}.Debug|Any CPU.ActiveCfg = Debug|Any CPU
		{734A8A16-EEEC-439E-A0B7-58D2AAA3EE8F}.Debug|Any CPU.Build.0 = Debug|Any CPU
		{734A8A16-EEEC-439E-A0B7-58D2AAA3EE8F}.Release|Any CPU.ActiveCfg = Release|Any CPU
		{734A8A16-EEEC-439E-A0B7-58D2AAA3EE8F}.Release|Any CPU.Build.0 = Release|Any CPU
		{092B0A82-C78D-49E2-BF51-A1AAC1BD76C7}.Debug|Any CPU.ActiveCfg = Debug|Any CPU
		{092B0A82-C78D-49E2-BF51-A1AAC1BD76C7}.Debug|Any CPU.Build.0 = Debug|Any CPU
		{092B0A82-C78D-49E2-BF51-A1AAC1BD76C7}.Release|Any CPU.ActiveCfg = Release|Any CPU
		{092B0A82-C78D-49E2-BF51-A1AAC1BD76C7}.Release|Any CPU.Build.0 = Release|Any CPU
		{2BE8778B-062C-4D21-976A-B1B90EC30489}.Debug|Any CPU.ActiveCfg = Debug|Any CPU
		{2BE8778B-062C-4D21-976A-B1B90EC30489}.Debug|Any CPU.Build.0 = Debug|Any CPU
		{2BE8778B-062C-4D21-976A-B1B90EC30489}.Release|Any CPU.ActiveCfg = Release|Any CPU
		{2BE8778B-062C-4D21-976A-B1B90EC30489}.Release|Any CPU.Build.0 = Release|Any CPU
		{D1E7630A-BA55-4919-B6DD-7497320616A8}.Debug|Any CPU.ActiveCfg = Debug|Any CPU
		{D1E7630A-BA55-4919-B6DD-7497320616A8}.Debug|Any CPU.Build.0 = Debug|Any CPU
		{D1E7630A-BA55-4919-B6DD-7497320616A8}.Release|Any CPU.ActiveCfg = Release|Any CPU
		{D1E7630A-BA55-4919-B6DD-7497320616A8}.Release|Any CPU.Build.0 = Release|Any CPU
		{4F2B9CC1-83E0-40B0-9380-016E37632087}.Debug|Any CPU.ActiveCfg = Debug|Any CPU
		{4F2B9CC1-83E0-40B0-9380-016E37632087}.Debug|Any CPU.Build.0 = Debug|Any CPU
		{4F2B9CC1-83E0-40B0-9380-016E37632087}.Release|Any CPU.ActiveCfg = Release|Any CPU
		{4F2B9CC1-83E0-40B0-9380-016E37632087}.Release|Any CPU.Build.0 = Release|Any CPU
		{B0700BD4-7732-4CE4-ACF9-8B94662DDA50}.Debug|Any CPU.ActiveCfg = Debug|Any CPU
		{B0700BD4-7732-4CE4-ACF9-8B94662DDA50}.Debug|Any CPU.Build.0 = Debug|Any CPU
		{B0700BD4-7732-4CE4-ACF9-8B94662DDA50}.Release|Any CPU.ActiveCfg = Release|Any CPU
		{B0700BD4-7732-4CE4-ACF9-8B94662DDA50}.Release|Any CPU.Build.0 = Release|Any CPU
		{054AB049-0EB3-4D51-B5C1-4DEA88115EE9}.Debug|Any CPU.ActiveCfg = Debug|Any CPU
		{054AB049-0EB3-4D51-B5C1-4DEA88115EE9}.Debug|Any CPU.Build.0 = Debug|Any CPU
		{054AB049-0EB3-4D51-B5C1-4DEA88115EE9}.Release|Any CPU.ActiveCfg = Release|Any CPU
		{054AB049-0EB3-4D51-B5C1-4DEA88115EE9}.Release|Any CPU.Build.0 = Release|Any CPU
		{41E473C0-B639-4172-A5B6-B9D54B918071}.Debug|Any CPU.ActiveCfg = Debug|Any CPU
		{41E473C0-B639-4172-A5B6-B9D54B918071}.Debug|Any CPU.Build.0 = Debug|Any CPU
		{41E473C0-B639-4172-A5B6-B9D54B918071}.Release|Any CPU.ActiveCfg = Release|Any CPU
		{41E473C0-B639-4172-A5B6-B9D54B918071}.Release|Any CPU.Build.0 = Release|Any CPU
		{852FD535-9C57-4301-9853-FBD2F48CA8A4}.Debug|Any CPU.ActiveCfg = Debug|Any CPU
		{852FD535-9C57-4301-9853-FBD2F48CA8A4}.Debug|Any CPU.Build.0 = Debug|Any CPU
		{852FD535-9C57-4301-9853-FBD2F48CA8A4}.Release|Any CPU.ActiveCfg = Release|Any CPU
		{852FD535-9C57-4301-9853-FBD2F48CA8A4}.Release|Any CPU.Build.0 = Release|Any CPU
		{D3A85C10-389E-46C4-86DC-6F6BB4714F90}.Debug|Any CPU.ActiveCfg = Debug|Any CPU
		{D3A85C10-389E-46C4-86DC-6F6BB4714F90}.Debug|Any CPU.Build.0 = Debug|Any CPU
		{D3A85C10-389E-46C4-86DC-6F6BB4714F90}.Release|Any CPU.ActiveCfg = Release|Any CPU
		{D3A85C10-389E-46C4-86DC-6F6BB4714F90}.Release|Any CPU.Build.0 = Release|Any CPU
		{3223B0F1-82B9-41B5-90A3-DA1CFA89B601}.Debug|Any CPU.ActiveCfg = Debug|Any CPU
		{3223B0F1-82B9-41B5-90A3-DA1CFA89B601}.Debug|Any CPU.Build.0 = Debug|Any CPU
		{3223B0F1-82B9-41B5-90A3-DA1CFA89B601}.Release|Any CPU.ActiveCfg = Release|Any CPU
		{3223B0F1-82B9-41B5-90A3-DA1CFA89B601}.Release|Any CPU.Build.0 = Release|Any CPU
		{C174D59F-E2CA-427B-99B0-6C01F1D506AA}.Debug|Any CPU.ActiveCfg = Debug|Any CPU
		{C174D59F-E2CA-427B-99B0-6C01F1D506AA}.Debug|Any CPU.Build.0 = Debug|Any CPU
		{C174D59F-E2CA-427B-99B0-6C01F1D506AA}.Release|Any CPU.ActiveCfg = Release|Any CPU
		{C174D59F-E2CA-427B-99B0-6C01F1D506AA}.Release|Any CPU.Build.0 = Release|Any CPU
		{0D010D17-DC80-4F7F-8D9C-A4DE3947860B}.Debug|Any CPU.ActiveCfg = Debug|Any CPU
		{0D010D17-DC80-4F7F-8D9C-A4DE3947860B}.Debug|Any CPU.Build.0 = Debug|Any CPU
		{0D010D17-DC80-4F7F-8D9C-A4DE3947860B}.Release|Any CPU.ActiveCfg = Release|Any CPU
		{0D010D17-DC80-4F7F-8D9C-A4DE3947860B}.Release|Any CPU.Build.0 = Release|Any CPU
		{D7942B8D-BC9F-424A-B806-3D7CC8898A8B}.Debug|Any CPU.ActiveCfg = Debug|Any CPU
		{D7942B8D-BC9F-424A-B806-3D7CC8898A8B}.Debug|Any CPU.Build.0 = Debug|Any CPU
		{D7942B8D-BC9F-424A-B806-3D7CC8898A8B}.Release|Any CPU.ActiveCfg = Release|Any CPU
		{D7942B8D-BC9F-424A-B806-3D7CC8898A8B}.Release|Any CPU.Build.0 = Release|Any CPU
		{95442A81-2BFD-483E-B796-1E93D5B433D9}.Debug|Any CPU.ActiveCfg = Debug|Any CPU
		{95442A81-2BFD-483E-B796-1E93D5B433D9}.Debug|Any CPU.Build.0 = Debug|Any CPU
		{95442A81-2BFD-483E-B796-1E93D5B433D9}.Release|Any CPU.ActiveCfg = Release|Any CPU
		{95442A81-2BFD-483E-B796-1E93D5B433D9}.Release|Any CPU.Build.0 = Release|Any CPU
	EndGlobalSection
	GlobalSection(SolutionProperties) = preSolution
		HideSolutionNode = FALSE
	EndGlobalSection
	GlobalSection(ExtensibilityGlobals) = postSolution
		SolutionGuid = {95EA7F76-32B5-41DA-8DF8-4AC1D40EAC79}
	EndGlobalSection
EndGlobal
